{
  "version": 4,
  "terraform_version": "0.13.3",
  "serial": 12,
  "lineage": "9f95d79e-dc44-f7b0-30f3-55761c883e71",
  "outputs": {},
  "resources": [
    {
      "mode": "managed",
      "type": "aws_route53_zone",
      "name": "primary",
      "provider": "provider[\"registry.terraform.io/hashicorp/aws\"]",
      "instances": [
        {
          "schema_version": 0,
          "attributes": {
            "comment": "Managed by Terraform",
            "delegation_set_id": "",
            "force_destroy": false,
            "id": "Z09728471TFMUSVGH82ST",
            "name": "ricardobf.me",
            "name_servers": [
              "ns-1528.awsdns-63.org",
              "ns-2008.awsdns-59.co.uk",
              "ns-374.awsdns-46.com",
              "ns-659.awsdns-18.net"
            ],
            "tags": {},
            "vpc": [],
            "zone_id": "Z09728471TFMUSVGH82ST"
          },
          "private": "bnVsbA=="
        }
      ]
    },
    {
      "mode": "managed",
      "type": "aws_s3_bucket",
      "name": "terraform_s3",
      "provider": "provider[\"registry.terraform.io/hashicorp/aws\"]",
      "instances": [
        {
          "schema_version": 0,
          "attributes": {
            "acceleration_status": "",
            "acl": "public-read",
            "arn": "arn:aws:s3:::ricardobf.me",
            "bucket": "ricardobf.me",
            "bucket_domain_name": "ricardobf.me.s3.amazonaws.com",
            "bucket_prefix": null,
            "bucket_regional_domain_name": "ricardobf.me.s3.us-west-2.amazonaws.com",
            "cors_rule": [],
            "force_destroy": false,
            "grant": [],
            "hosted_zone_id": "Z3BJ6K6RIION7M",
            "id": "ricardobf.me",
            "lifecycle_rule": [],
            "logging": [],
            "object_lock_configuration": [],
            "policy": "{\"Statement\":[{\"Action\":\"s3:GetObject\",\"Effect\":\"Allow\",\"Principal\":\"*\",\"Resource\":\"arn:aws:s3:::ricardobf.me/*\",\"Sid\":\"PublicReadGetObject\"}],\"Version\":\"2012-10-17\"}",
            "region": "us-west-2",
            "replication_configuration": [],
            "request_payer": "BucketOwner",
            "server_side_encryption_configuration": [],
            "tags": {},
            "versioning": [
              {
                "enabled": false,
                "mfa_delete": false
              }
            ],
            "website": [
              {
                "error_document": "error.html",
                "index_document": "index.html",
                "redirect_all_requests_to": "",
                "routing_rules": "[{\"Condition\":{\"KeyPrefixEquals\":\"build/\"},\"Redirect\":{\"ReplaceKeyPrefixWith\":\"/\"}}]"
              }
            ],
            "website_domain": "s3-website-us-west-2.amazonaws.com",
            "website_endpoint": "ricardobf.me.s3-website-us-west-2.amazonaws.com"
          },
          "private": "bnVsbA=="
        }
      ]
    }
  ]
}
